// !$*UTF8*$!
{
	archiveVersion = 1;
	classes = {
	};
	objectVersion = 50;
	objects = {

/* Begin PBXBuildFile section */
		6C890C0F224F598D006928DD /* AppDelegate.swift in Sources */ = {isa = PBXBuildFile; fileRef = 6C890C0E224F598D006928DD /* AppDelegate.swift */; };
		6C890C11224F598D006928DD /* ViewController.swift in Sources */ = {isa = PBXBuildFile; fileRef = 6C890C10224F598D006928DD /* ViewController.swift */; };
		6C890C14224F598D006928DD /* Main.storyboard in Resources */ = {isa = PBXBuildFile; fileRef = 6C890C12224F598D006928DD /* Main.storyboard */; };
		6C890C17224F598D006928DD /* CKCDTemplate.xcdatamodeld in Sources */ = {isa = PBXBuildFile; fileRef = 6C890C15224F598D006928DD /* CKCDTemplate.xcdatamodeld */; };
		6C890C19224F598E006928DD /* Assets.xcassets in Resources */ = {isa = PBXBuildFile; fileRef = 6C890C18224F598E006928DD /* Assets.xcassets */; };
		6C890C1C224F598E006928DD /* LaunchScreen.storyboard in Resources */ = {isa = PBXBuildFile; fileRef = 6C890C1A224F598E006928DD /* LaunchScreen.storyboard */; };
/* End PBXBuildFile section */

/* Begin PBXFileReference section */
		6C890C0B224F598D006928DD /* CKCDTemplate.app */ = {isa = PBXFileReference; explicitFileType = wrapper.application; includeInIndex = 0; path = CKCDTemplate.app; sourceTree = BUILT_PRODUCTS_DIR; };
		6C890C0E224F598D006928DD /* AppDelegate.swift */ = {isa = PBXFileReference; lastKnownFileType = sourcecode.swift; path = AppDelegate.swift; sourceTree = "<group>"; };
		6C890C10224F598D006928DD /* ViewController.swift */ = {isa = PBXFileReference; lastKnownFileType = sourcecode.swift; path = ViewController.swift; sourceTree = "<group>"; };
		6C890C13224F598D006928DD /* Base */ = {isa = PBXFileReference; lastKnownFileType = file.storyboard; name = Base; path = Base.lproj/Main.storyboard; sourceTree = "<group>"; };
		6C890C16224F598D006928DD /* CKCDTemplate.xcdatamodel */ = {isa = PBXFileReference; lastKnownFileType = wrapper.xcdatamodel; path = CKCDTemplate.xcdatamodel; sourceTree = "<group>"; };
		6C890C18224F598E006928DD /* Assets.xcassets */ = {isa = PBXFileReference; lastKnownFileType = folder.assetcatalog; path = Assets.xcassets; sourceTree = "<group>"; };
		6C890C1B224F598E006928DD /* Base */ = {isa = PBXFileReference; lastKnownFileType = file.storyboard; name = Base; path = Base.lproj/LaunchScreen.storyboard; sourceTree = "<group>"; };
		6C890C1D224F598E006928DD /* Info.plist */ = {isa = PBXFileReference; lastKnownFileType = text.plist.xml; path = Info.plist; sourceTree = "<group>"; };
/* End PBXFileReference section */

/* Begin PBXFrameworksBuildPhase section */
		6C890C08224F598D006928DD /* Frameworks */ = {
			isa = PBXFrameworksBuildPhase;
			buildActionMask = 2147483647;
			files = (
			);
			runOnlyForDeploymentPostprocessing = 0;
		};
/* End PBXFrameworksBuildPhase section */

/* Begin PBXGroup section */
		6C890C02224F598D006928DD = {
			isa = PBXGroup;
			children = (
				6C890C0D224F598D006928DD /* CKCDTemplate */,
				6C890C0C224F598D006928DD /* Products */,
			);
			sourceTree = "<group>";
		};
		6C890C0C224F598D006928DD /* Products */ = {
			isa = PBXGroup;
			children = (
				6C890C0B224F598D006928DD /* CKCDTemplate.app */,
			);
			name = Products;
			sourceTree = "<group>";
		};
		6C890C0D224F598D006928DD /* CKCDTemplate */ = {
			isa = PBXGroup;
			children = (
				6C890C0E224F598D006928DD /* AppDelegate.swift */,
				6C890C10224F598D006928DD /* ViewController.swift */,
				6C890C12224F598D006928DD /* Main.storyboard */,
				6C890C18224F598E006928DD /* Assets.xcassets */,
				6C890C1A224F598E006928DD /* LaunchScreen.storyboard */,
				6C890C1D224F598E006928DD /* Info.plist */,
				6C890C15224F598D006928DD /* CKCDTemplate.xcdatamodeld */,
			);
			path = CKCDTemplate;
			sourceTree = "<group>";
		};
/* End PBXGroup section */

/* Begin PBXNativeTarget section */
		6C890C0A224F598D006928DD /* CKCDTemplate */ = {
			isa = PBXNativeTarget;
			buildConfigurationList = 6C890C20224F598E006928DD /* Build configuration list for PBXNativeTarget "CKCDTemplate" */;
			buildPhases = (
				6C890C07224F598D006928DD /* Sources */,
				6C890C08224F598D006928DD /* Frameworks */,
				6C890C09224F598D006928DD /* Resources */,
			);
			buildRules = (
			);
			dependencies = (
			);
			name = CKCDTemplate;
			productName = CKCDTemplate;
			productReference = 6C890C0B224F598D006928DD /* CKCDTemplate.app */;
			productType = "com.apple.product-type.application";
		};
/* End PBXNativeTarget section */

/* Begin PBXProject section */
		6C890C03224F598D006928DD /* Project object */ = {
			isa = PBXProject;
			attributes = {
				LastSwiftUpdateCheck = 1010;
				LastUpgradeCheck = 1010;
				ORGANIZATIONNAME = "Martin Hruby FIT";
				TargetAttributes = {
					6C890C0A224F598D006928DD = {
						CreatedOnToolsVersion = 10.1;
					};
				};
			};
			buildConfigurationList = 6C890C06224F598D006928DD /* Build configuration list for PBXProject "CKCDTemplate" */;
			compatibilityVersion = "Xcode 9.3";
			developmentRegion = en;
			hasScannedForEncodings = 0;
			knownRegions = (
				en,
				Base,
			);
			mainGroup = 6C890C02224F598D006928DD;
			productRefGroup = 6C890C0C224F598D006928DD /* Products */;
			projectDirPath = "";
			projectRoot = "";
			targets = (
				6C890C0A224F598D006928DD /* CKCDTemplate */,
			);
		};
/* End PBXProject section */

/* Begin PBXResourcesBuildPhase section */
		6C890C09224F598D006928DD /* Resources */ = {
			isa = PBXResourcesBuildPhase;
			buildActionMask = 2147483647;
			files = (
				6C890C1C224F598E006928DD /* LaunchScreen.storyboard in Resources */,
				6C890C19224F598E006928DD /* Assets.xcassets in Resources */,
				6C890C14224F598D006928DD /* Main.storyboard in Resources */,
			);
			runOnlyForDeploymentPostprocessing = 0;
		};
/* End PBXResourcesBuildPhase section */

/* Begin PBXSourcesBuildPhase section */
		6C890C07224F598D006928DD /* Sources */ = {
			isa = PBXSourcesBuildPhase;
			buildActionMask = 2147483647;
			files = (
				6C890C11224F598D006928DD /* ViewController.swift in Sources */,
				6C890C0F224F598D006928DD /* AppDelegate.swift in Sources */,
				6C890C17224F598D006928DD /* CKCDTemplate.xcdatamodeld in Sources */,
			);
			runOnlyForDeploymentPostprocessing = 0;
		};
/* End PBXSourcesBuildPhase section */

/* Begin PBXVariantGroup section */
		6C890C12224F598D006928DD /* Main.storyboard */ = {
			isa = PBXVariantGroup;
			children = (
				6C890C13224F598D006928DD /* Base */,
			);
			name = Main.storyboard;
			sourceTree = "<group>";
		};
		6C890C1A224F598E006928DD /* LaunchScreen.storyboard */ = {
			isa = PBXVariantGroup;
			children = (
				6C890C1B224F598E006928DD /* Base */,
			);
			name = LaunchScreen.storyboard;
			sourceTree = "<group>";
		};
/* End PBXVariantGroup section */

/* Begin XCBuildConfiguration section */
		6C890C1E224F598E006928DD /* Debug */ = {
			isa = XCBuildConfiguration;
			buildSettings = {
				ALWAYS_SEARCH_USER_PATHS = NO;
				CLANG_ANALYZER_NONNULL = YES;
				CLANG_ANALYZER_NUMBER_OBJECT_CONVERSION = YES_AGGRESSIVE;
				CLANG_CXX_LANGUAGE_STANDARD = "gnu++14";
				CLANG_CXX_LIBRARY = "libc++";
				CLANG_ENABLE_MODULES = YES;
				CLANG_ENABLE_OBJC_ARC = YES;
				CLANG_ENABLE_OBJC_WEAK = YES;
				CLANG_WARN_BLOCK_CAPTURE_AUTORELEASING = YES;
				CLANG_WARN_BOOL_CONVERSION = YES;
				CLANG_WARN_COMMA = YES;
				CLANG_WARN_CONSTANT_CONVERSION = YES;
				CLANG_WARN_DEPRECATED_OBJC_IMPLEMENTATIONS = YES;
				CLANG_WARN_DIRECT_OBJC_ISA_USAGE = YES_ERROR;
				CLANG_WARN_DOCUMENTATION_COMMENTS = YES;
				CLANG_WARN_EMPTY_BODY = YES;
				CLANG_WARN_ENUM_CONVERSION = YES;
				CLANG_WARN_INFINITE_RECURSION = YES;
				CLANG_WARN_INT_CONVERSION = YES;
				CLANG_WARN_NON_LITERAL_NULL_CONVERSION = YES;
				CLANG_WARN_OBJC_IMPLICIT_RETAIN_SELF = YES;
				CLANG_WARN_OBJC_LITERAL_CONVERSION = YES;
				CLANG_WARN_OBJC_ROOT_CLASS = YES_ERROR;
				CLANG_WARN_RANGE_LOOP_ANALYSIS = YES;
				CLANG_WARN_STRICT_PROTOTYPES = YES;
				CLANG_WARN_SUSPICIOUS_MOVE = YES;
				CLANG_WARN_UNGUARDED_AVAILABILITY = YES_AGGRESSIVE;
				CLANG_WARN_UNREACHABLE_CODE = YES;
				CLANG_WARN__DUPLICATE_METHOD_MATCH = YES;
				CODE_SIGN_IDENTITY = "iPhone Developer";
				COPY_PHASE_STRIP = NO;
				DEBUG_INFORMATION_FORMAT = dwarf;
				ENABLE_STRICT_OBJC_MSGSEND = YES;
				ENABLE_TESTABILITY = YES;
				GCC_C_LANGUAGE_STANDARD = gnu11;
				GCC_DYNAMIC_NO_PIC = NO;
				GCC_NO_COMMON_BLOCKS = YES;
				GCC_OPTIMIZATION_LEVEL = 0;
				GCC_PREPROCESSOR_DEFINITIONS = (
					"DEBUG=1",
					"$(inherited)",
				);
				GCC_WARN_64_TO_32_BIT_CONVERSION = YES;
				GCC_WARN_ABOUT_RETURN_TYPE = YES_ERROR;
				GCC_WARN_UNDECLARED_SELECTOR = YES;
				GCC_WARN_UNINITIALIZED_AUTOS = YES_AGGRESSIVE;
				GCC_WARN_UNUSED_FUNCTION = YES;
				GCC_WARN_UNUSED_VARIABLE = YES;
				IPHONEOS_DEPLOYMENT_TARGET = 12.1;
				MTL_ENABLE_DEBUG_INFO = INCLUDE_SOURCE;
				MTL_FAST_MATH = YES;
				ONLY_ACTIVE_ARCH = YES;
				SDKROOT = iphoneos;
				SWIFT_ACTIVE_COMPILATION_CONDITIONS = DEBUG;
				SWIFT_OPTIMIZATION_LEVEL = "-Onone";
			};
			name = Debug;
		};
		6C890C1F224F598E006928DD /* Release */ = {
			isa = XCBuildConfiguration;
			buildSettings = {
				ALWAYS_SEARCH_USER_PATHS = NO;
				CLANG_ANALYZER_NONNULL = YES;
				CLANG_ANALYZER_NUMBER_OBJECT_CONVERSION = YES_AGGRESSIVE;
				CLANG_CXX_LANGUAGE_STANDARD = "gnu++14";
				CLANG_CXX_LIBRARY = "libc++";
				CLANG_ENABLE_MODULES = YES;
				CLANG_ENABLE_OBJC_ARC = YES;
				CLANG_ENABLE_OBJC_WEAK = YES;
				CLANG_WARN_BLOCK_CAPTURE_AUTORELEASING = YES;
				CLANG_WARN_BOOL_CONVERSION = YES;
				CLANG_WARN_COMMA = YES;
				CLANG_WARN_CONSTANT_CONVERSION = YES;
				CLANG_WARN_DEPRECATED_OBJC_IMPLEMENTATIONS = YES;
				CLANG_WARN_DIRECT_OBJC_ISA_USAGE = YES_ERROR;
				CLANG_WARN_DOCUMENTATION_COMMENTS = YES;
				CLANG_WARN_EMPTY_BODY = YES;
				CLANG_WARN_ENUM_CONVERSION = YES;
				CLANG_WARN_INFINITE_RECURSION = YES;
				CLANG_WARN_INT_CONVERSION = YES;
				CLANG_WARN_NON_LITERAL_NULL_CONVERSION = YES;
				CLANG_WARN_OBJC_IMPLICIT_RETAIN_SELF = YES;
				CLANG_WARN_OBJC_LITERAL_CONVERSION = YES;
				CLANG_WARN_OBJC_ROOT_CLASS = YES_ERROR;
				CLANG_WARN_RANGE_LOOP_ANALYSIS = YES;
				CLANG_WARN_STRICT_PROTOTYPES = YES;
				CLANG_WARN_SUSPICIOUS_MOVE = YES;
				CLANG_WARN_UNGUARDED_AVAILABILITY = YES_AGGRESSIVE;
				CLANG_WARN_UNREACHABLE_CODE = YES;
				CLANG_WARN__DUPLICATE_METHOD_MATCH = YES;
				CODE_SIGN_IDENTITY = "iPhone Developer";
				COPY_PHASE_STRIP = NO;
				DEBUG_INFORMATION_FORMAT = "dwarf-with-dsym";
				ENABLE_NS_ASSERTIONS = NO;
				ENABLE_STRICT_OBJC_MSGSEND = YES;
				GCC_C_LANGUAGE_STANDARD = gnu11;
				GCC_NO_COMMON_BLOCKS = YES;
				GCC_WARN_64_TO_32_BIT_CONVERSION = YES;
				GCC_WARN_ABOUT_RETURN_TYPE = YES_ERROR;
				GCC_WARN_UNDECLARED_SELECTOR = YES;
				GCC_WARN_UNINITIALIZED_AUTOS = YES_AGGRESSIVE;
				GCC_WARN_UNUSED_FUNCTION = YES;
				GCC_WARN_UNUSED_VARIABLE = YES;
				IPHONEOS_DEPLOYMENT_TARGET = 12.1;
				MTL_ENABLE_DEBUG_INFO = NO;
				MTL_FAST_MATH = YES;
				SDKROOT = iphoneos;
				SWIFT_COMPILATION_MODE = wholemodule;
				SWIFT_OPTIMIZATION_LEVEL = "-O";
				VALIDATE_PRODUCT = YES;
			};
			name = Release;
		};
		6C890C21224F598E006928DD /* Debug */ = {
			isa = XCBuildConfiguration;
			buildSettings = {
				ASSETCATALOG_COMPILER_APPICON_NAME = AppIcon;
				CODE_SIGN_STYLE = Automatic;
				DEVELOPMENT_TEAM = 6DTJGF3D7H;
				INFOPLIST_FILE = CKCDTemplate/Info.plist;
				LD_RUNPATH_SEARCH_PATHS = (
					"$(inherited)",
					"@executable_path/Frameworks",
				);
				PRODUCT_BUNDLE_IDENTIFIER = cz.vutbr.fit.CKCDTemplate;
				PRODUCT_NAME = "$(TARGET_NAME)";
				SWIFT_VERSION = 4.2;
				TARGETED_DEVICE_FAMILY = "1,2";
			};
			name = Debug;
		};
		6C890C22224F598E006928DD /* Release */ = {
			isa = XCBuildConfiguration;
			buildSettings = {
				ASSETCATALOG_COMPILER_APPICON_NAME = AppIcon;
				CODE_SIGN_STYLE = Automatic;
				DEVELOPMENT_TEAM = 6DTJGF3D7H;
				INFOPLIST_FILE = CKCDTemplate/Info.plist;
				LD_RUNPATH_SEARCH_PATHS = (
					"$(inherited)",
					"@executable_path/Frameworks",
				);
				PRODUCT_BUNDLE_IDENTIFIER = cz.vutbr.fit.CKCDTemplate;
				PRODUCT_NAME = "$(TARGET_NAME)";
				SWIFT_VERSION = 4.2;
				TARGETED_DEVICE_FAMILY = "1,2";
			};
			name = Release;
		};
/* End XCBuildConfiguration section */

/* Begin XCConfigurationList section */
		6C890C06224F598D006928DD /* Build configuration list for PBXProject "CKCDTemplate" */ = {
			isa = XCConfigurationList;
			buildConfigurations = (
				6C890C1E224F598E006928DD /* Debug */,
				6C890C1F224F598E006928DD /* Release */,
			);
			defaultConfigurationIsVisible = 0;
			defaultConfigurationName = Release;
		};
		6C890C20224F598E006928DD /* Build configuration list for PBXNativeTarget "CKCDTemplate" */ = {
			isa = XCConfigurationList;
			buildConfigurations = (
				6C890C21224F598E006928DD /* Debug */,
				6C890C22224F598E006928DD /* Release */,
			);
			defaultConfigurationIsVisible = 0;
			defaultConfigurationName = Release;
		};
/* End XCConfigurationList section */

/* Begin XCVersionGroup section */
		6C890C15224F598D006928DD /* CKCDTemplate.xcdatamodeld */ = {
			isa = XCVersionGroup;
			children = (
				6C890C16224F598D006928DD /* CKCDTemplate.xcdatamodel */,
			);
			currentVersion = 6C890C16224F598D006928DD /* CKCDTemplate.xcdatamodel */;
			path = CKCDTemplate.xcdatamodeld;
			sourceTree = "<group>";
			versionGroupType = wrapper.xcdatamodel;
		};
/* End XCVersionGroup section */
	};
	rootObject = 6C890C03224F598D006928DD /* Project object */;
}
